// !$*UTF8*$!
{
	archiveVersion = 1;
	classes = {
	};
	objectVersion = 50;
	objects = {

/* Begin PBXBuildFile section */
		6E14110525D732DC00883BEB /* ViewModel.swift in Sources */ = {isa = PBXBuildFile; fileRef = 6E14110425D732DC00883BEB /* ViewModel.swift */; };
		6E14110825D7333E00883BEB /* InfoModel.swift in Sources */ = {isa = PBXBuildFile; fileRef = 6E14110725D7333E00883BEB /* InfoModel.swift */; };
		784F8B7725D731B100CFC334 /* good_news_appApp.swift in Sources */ = {isa = PBXBuildFile; fileRef = 784F8B7625D731B100CFC334 /* good_news_appApp.swift */; };
		784F8B7925D731B100CFC334 /* ContentView.swift in Sources */ = {isa = PBXBuildFile; fileRef = 784F8B7825D731B100CFC334 /* ContentView.swift */; };
		784F8B7B25D731B200CFC334 /* Assets.xcassets in Resources */ = {isa = PBXBuildFile; fileRef = 784F8B7A25D731B200CFC334 /* Assets.xcassets */; };
		784F8B7E25D731B200CFC334 /* Preview Assets.xcassets in Resources */ = {isa = PBXBuildFile; fileRef = 784F8B7D25D731B200CFC334 /* Preview Assets.xcassets */; };
		784F8B8025D731B200CFC334 /* Persistence.swift in Sources */ = {isa = PBXBuildFile; fileRef = 784F8B7F25D731B200CFC334 /* Persistence.swift */; };
		784F8B8325D731B200CFC334 /* good_news_app.xcdatamodeld in Sources */ = {isa = PBXBuildFile; fileRef = 784F8B8125D731B200CFC334 /* good_news_app.xcdatamodeld */; };
		784F8B9A25D7355F00CFC334 /* CategoricalView.swift in Sources */ = {isa = PBXBuildFile; fileRef = 784F8B9625D7355F00CFC334 /* CategoricalView.swift */; };
		784F8B9B25D7355F00CFC334 /* JournalView.swift in Sources */ = {isa = PBXBuildFile; fileRef = 784F8B9725D7355F00CFC334 /* JournalView.swift */; };
		784F8B9C25D7355F00CFC334 /* MainView.swift in Sources */ = {isa = PBXBuildFile; fileRef = 784F8B9825D7355F00CFC334 /* MainView.swift */; };
		784F8B9D25D7355F00CFC334 /* FeedView.swift in Sources */ = {isa = PBXBuildFile; fileRef = 784F8B9925D7355F00CFC334 /* FeedView.swift */; };
		784F8B9F25D7365800CFC334 /* OnboardingView.swift in Sources */ = {isa = PBXBuildFile; fileRef = 784F8B9E25D7365800CFC334 /* OnboardingView.swift */; };
		784F8BA225D73B1300CFC334 /* BasicNewsCard.swift in Sources */ = {isa = PBXBuildFile; fileRef = 784F8BA125D73B1300CFC334 /* BasicNewsCard.swift */; };
		784F8BA425D73D7E00CFC334 /* ImageLoader.swift in Sources */ = {isa = PBXBuildFile; fileRef = 784F8BA325D73D7E00CFC334 /* ImageLoader.swift */; };
		784F8BA625D7410500CFC334 /* FeedDataSource.swift in Sources */ = {isa = PBXBuildFile; fileRef = 784F8BA525D7410500CFC334 /* FeedDataSource.swift */; };
/* End PBXBuildFile section */

/* Begin PBXFileReference section */
		6E14110425D732DC00883BEB /* ViewModel.swift */ = {isa = PBXFileReference; lastKnownFileType = sourcecode.swift; path = ViewModel.swift; sourceTree = "<group>"; };
		6E14110725D7333E00883BEB /* InfoModel.swift */ = {isa = PBXFileReference; lastKnownFileType = sourcecode.swift; path = InfoModel.swift; sourceTree = "<group>"; };
		784F8B7325D731B100CFC334 /* good-news-app.app */ = {isa = PBXFileReference; explicitFileType = wrapper.application; includeInIndex = 0; path = "good-news-app.app"; sourceTree = BUILT_PRODUCTS_DIR; };
		784F8B7625D731B100CFC334 /* good_news_appApp.swift */ = {isa = PBXFileReference; lastKnownFileType = sourcecode.swift; path = good_news_appApp.swift; sourceTree = "<group>"; };
		784F8B7825D731B100CFC334 /* ContentView.swift */ = {isa = PBXFileReference; lastKnownFileType = sourcecode.swift; path = ContentView.swift; sourceTree = "<group>"; };
		784F8B7A25D731B200CFC334 /* Assets.xcassets */ = {isa = PBXFileReference; lastKnownFileType = folder.assetcatalog; path = Assets.xcassets; sourceTree = "<group>"; };
		784F8B7D25D731B200CFC334 /* Preview Assets.xcassets */ = {isa = PBXFileReference; lastKnownFileType = folder.assetcatalog; path = "Preview Assets.xcassets"; sourceTree = "<group>"; };
		784F8B7F25D731B200CFC334 /* Persistence.swift */ = {isa = PBXFileReference; lastKnownFileType = sourcecode.swift; path = Persistence.swift; sourceTree = "<group>"; };
		784F8B8225D731B200CFC334 /* good_news_app.xcdatamodel */ = {isa = PBXFileReference; lastKnownFileType = wrapper.xcdatamodel; path = good_news_app.xcdatamodel; sourceTree = "<group>"; };
		784F8B8425D731B200CFC334 /* Info.plist */ = {isa = PBXFileReference; lastKnownFileType = text.plist.xml; path = Info.plist; sourceTree = "<group>"; };
		784F8B9625D7355F00CFC334 /* CategoricalView.swift */ = {isa = PBXFileReference; fileEncoding = 4; lastKnownFileType = sourcecode.swift; path = CategoricalView.swift; sourceTree = "<group>"; };
		784F8B9725D7355F00CFC334 /* JournalView.swift */ = {isa = PBXFileReference; fileEncoding = 4; lastKnownFileType = sourcecode.swift; path = JournalView.swift; sourceTree = "<group>"; };
		784F8B9825D7355F00CFC334 /* MainView.swift */ = {isa = PBXFileReference; fileEncoding = 4; lastKnownFileType = sourcecode.swift; path = MainView.swift; sourceTree = "<group>"; };
		784F8B9925D7355F00CFC334 /* FeedView.swift */ = {isa = PBXFileReference; fileEncoding = 4; lastKnownFileType = sourcecode.swift; path = FeedView.swift; sourceTree = "<group>"; };
		784F8B9E25D7365800CFC334 /* OnboardingView.swift */ = {isa = PBXFileReference; lastKnownFileType = sourcecode.swift; path = OnboardingView.swift; sourceTree = "<group>"; };
		784F8BA125D73B1300CFC334 /* BasicNewsCard.swift */ = {isa = PBXFileReference; lastKnownFileType = sourcecode.swift; path = BasicNewsCard.swift; sourceTree = "<group>"; };
		784F8BA325D73D7E00CFC334 /* ImageLoader.swift */ = {isa = PBXFileReference; lastKnownFileType = sourcecode.swift; path = ImageLoader.swift; sourceTree = "<group>"; };
		784F8BA525D7410500CFC334 /* FeedDataSource.swift */ = {isa = PBXFileReference; lastKnownFileType = sourcecode.swift; path = FeedDataSource.swift; sourceTree = "<group>"; };
/* End PBXFileReference section */

/* Begin PBXFrameworksBuildPhase section */
		784F8B7025D731B100CFC334 /* Frameworks */ = {
			isa = PBXFrameworksBuildPhase;
			buildActionMask = 2147483647;
			files = (
			);
			runOnlyForDeploymentPostprocessing = 0;
		};
/* End PBXFrameworksBuildPhase section */

/* Begin PBXGroup section */
		784F8B6A25D731B100CFC334 = {
			isa = PBXGroup;
			children = (
				784F8B7525D731B100CFC334 /* good-news-app */,
				784F8B7425D731B100CFC334 /* Products */,
			);
			sourceTree = "<group>";
		};
		784F8B7425D731B100CFC334 /* Products */ = {
			isa = PBXGroup;
			children = (
				784F8B7325D731B100CFC334 /* good-news-app.app */,
			);
			name = Products;
			sourceTree = "<group>";
		};
		784F8B7525D731B100CFC334 /* good-news-app */ = {
			isa = PBXGroup;
			children = (
				784F8BA025D73B0500CFC334 /* News Cards */,
				784F8B9625D7355F00CFC334 /* CategoricalView.swift */,
				784F8B9925D7355F00CFC334 /* FeedView.swift */,
				784F8B9725D7355F00CFC334 /* JournalView.swift */,
				784F8B9825D7355F00CFC334 /* MainView.swift */,
				784F8B7625D731B100CFC334 /* good_news_appApp.swift */,
				784F8B7825D731B100CFC334 /* ContentView.swift */,
				784F8B7A25D731B200CFC334 /* Assets.xcassets */,
				784F8B7F25D731B200CFC334 /* Persistence.swift */,
				784F8B8425D731B200CFC334 /* Info.plist */,
				784F8B8125D731B200CFC334 /* good_news_app.xcdatamodeld */,
				784F8B7C25D731B200CFC334 /* Preview Content */,
				6E14110425D732DC00883BEB /* ViewModel.swift */,
				6E14110725D7333E00883BEB /* InfoModel.swift */,
				784F8B9E25D7365800CFC334 /* OnboardingView.swift */,
				784F8BA325D73D7E00CFC334 /* ImageLoader.swift */,
				784F8BA525D7410500CFC334 /* FeedDataSource.swift */,
			);
			path = "good-news-app";
			sourceTree = "<group>";
		};
		784F8B7C25D731B200CFC334 /* Preview Content */ = {
			isa = PBXGroup;
			children = (
				784F8B7D25D731B200CFC334 /* Preview Assets.xcassets */,
			);
			path = "Preview Content";
			sourceTree = "<group>";
		};
		784F8BA025D73B0500CFC334 /* News Cards */ = {
			isa = PBXGroup;
			children = (
				784F8BA125D73B1300CFC334 /* BasicNewsCard.swift */,
			);
			path = "News Cards";
			sourceTree = "<group>";
		};
/* End PBXGroup section */

/* Begin PBXNativeTarget section */
		784F8B7225D731B100CFC334 /* good-news-app */ = {
			isa = PBXNativeTarget;
			buildConfigurationList = 784F8B8725D731B200CFC334 /* Build configuration list for PBXNativeTarget "good-news-app" */;
			buildPhases = (
				784F8B6F25D731B100CFC334 /* Sources */,
				784F8B7025D731B100CFC334 /* Frameworks */,
				784F8B7125D731B100CFC334 /* Resources */,
			);
			buildRules = (
			);
			dependencies = (
			);
			name = "good-news-app";
			productName = "good-news-app";
			productReference = 784F8B7325D731B100CFC334 /* good-news-app.app */;
			productType = "com.apple.product-type.application";
		};
/* End PBXNativeTarget section */

/* Begin PBXProject section */
		784F8B6B25D731B100CFC334 /* Project object */ = {
			isa = PBXProject;
			attributes = {
				LastSwiftUpdateCheck = 1250;
				LastUpgradeCheck = 1250;
				TargetAttributes = {
					784F8B7225D731B100CFC334 = {
						CreatedOnToolsVersion = 12.5;
					};
				};
			};
			buildConfigurationList = 784F8B6E25D731B100CFC334 /* Build configuration list for PBXProject "good-news-app" */;
			compatibilityVersion = "Xcode 9.3";
			developmentRegion = en;
			hasScannedForEncodings = 0;
			knownRegions = (
				en,
				Base,
			);
			mainGroup = 784F8B6A25D731B100CFC334;
			productRefGroup = 784F8B7425D731B100CFC334 /* Products */;
			projectDirPath = "";
			projectRoot = "";
			targets = (
				784F8B7225D731B100CFC334 /* good-news-app */,
			);
		};
/* End PBXProject section */

/* Begin PBXResourcesBuildPhase section */
		784F8B7125D731B100CFC334 /* Resources */ = {
			isa = PBXResourcesBuildPhase;
			buildActionMask = 2147483647;
			files = (
				784F8B7E25D731B200CFC334 /* Preview Assets.xcassets in Resources */,
				784F8B7B25D731B200CFC334 /* Assets.xcassets in Resources */,
			);
			runOnlyForDeploymentPostprocessing = 0;
		};
/* End PBXResourcesBuildPhase section */

/* Begin PBXSourcesBuildPhase section */
		784F8B6F25D731B100CFC334 /* Sources */ = {
			isa = PBXSourcesBuildPhase;
			buildActionMask = 2147483647;
			files = (
				784F8B9D25D7355F00CFC334 /* FeedView.swift in Sources */,
				6E14110525D732DC00883BEB /* ViewModel.swift in Sources */,
				784F8B9C25D7355F00CFC334 /* MainView.swift in Sources */,
				784F8BA225D73B1300CFC334 /* BasicNewsCard.swift in Sources */,
				784F8BA625D7410500CFC334 /* FeedDataSource.swift in Sources */,
				784F8B8025D731B200CFC334 /* Persistence.swift in Sources */,
				784F8B9B25D7355F00CFC334 /* JournalView.swift in Sources */,
				784F8B7925D731B100CFC334 /* ContentView.swift in Sources */,
				784F8B7725D731B100CFC334 /* good_news_appApp.swift in Sources */,
				784F8B8325D731B200CFC334 /* good_news_app.xcdatamodeld in Sources */,
				6E14110825D7333E00883BEB /* InfoModel.swift in Sources */,
				784F8B9A25D7355F00CFC334 /* CategoricalView.swift in Sources */,
				784F8B9F25D7365800CFC334 /* OnboardingView.swift in Sources */,
				784F8BA425D73D7E00CFC334 /* ImageLoader.swift in Sources */,
			);
			runOnlyForDeploymentPostprocessing = 0;
		};
/* End PBXSourcesBuildPhase section */

/* Begin XCBuildConfiguration section */
		784F8B8525D731B200CFC334 /* Debug */ = {
			isa = XCBuildConfiguration;
			buildSettings = {
				ALWAYS_SEARCH_USER_PATHS = NO;
				CLANG_ANALYZER_NONNULL = YES;
				CLANG_ANALYZER_NUMBER_OBJECT_CONVERSION = YES_AGGRESSIVE;
				CLANG_CXX_LANGUAGE_STANDARD = "gnu++14";
				CLANG_CXX_LIBRARY = "libc++";
				CLANG_ENABLE_MODULES = YES;
				CLANG_ENABLE_OBJC_ARC = YES;
				CLANG_ENABLE_OBJC_WEAK = YES;
				CLANG_WARN_BLOCK_CAPTURE_AUTORELEASING = YES;
				CLANG_WARN_BOOL_CONVERSION = YES;
				CLANG_WARN_COMMA = YES;
				CLANG_WARN_CONSTANT_CONVERSION = YES;
				CLANG_WARN_DEPRECATED_OBJC_IMPLEMENTATIONS = YES;
				CLANG_WARN_DIRECT_OBJC_ISA_USAGE = YES_ERROR;
				CLANG_WARN_DOCUMENTATION_COMMENTS = YES;
				CLANG_WARN_EMPTY_BODY = YES;
				CLANG_WARN_ENUM_CONVERSION = YES;
				CLANG_WARN_INFINITE_RECURSION = YES;
				CLANG_WARN_INT_CONVERSION = YES;
				CLANG_WARN_NON_LITERAL_NULL_CONVERSION = YES;
				CLANG_WARN_OBJC_IMPLICIT_RETAIN_SELF = YES;
				CLANG_WARN_OBJC_LITERAL_CONVERSION = YES;
				CLANG_WARN_OBJC_ROOT_CLASS = YES_ERROR;
				CLANG_WARN_QUOTED_INCLUDE_IN_FRAMEWORK_HEADER = YES;
				CLANG_WARN_RANGE_LOOP_ANALYSIS = YES;
				CLANG_WARN_STRICT_PROTOTYPES = YES;
				CLANG_WARN_SUSPICIOUS_MOVE = YES;
				CLANG_WARN_UNGUARDED_AVAILABILITY = YES_AGGRESSIVE;
				CLANG_WARN_UNREACHABLE_CODE = YES;
				CLANG_WARN__DUPLICATE_METHOD_MATCH = YES;
				COPY_PHASE_STRIP = NO;
				DEBUG_INFORMATION_FORMAT = dwarf;
				ENABLE_STRICT_OBJC_MSGSEND = YES;
				ENABLE_TESTABILITY = YES;
				GCC_C_LANGUAGE_STANDARD = gnu11;
				GCC_DYNAMIC_NO_PIC = NO;
				GCC_NO_COMMON_BLOCKS = YES;
				GCC_OPTIMIZATION_LEVEL = 0;
				GCC_PREPROCESSOR_DEFINITIONS = (
					"DEBUG=1",
					"$(inherited)",
				);
				GCC_WARN_64_TO_32_BIT_CONVERSION = YES;
				GCC_WARN_ABOUT_RETURN_TYPE = YES_ERROR;
				GCC_WARN_UNDECLARED_SELECTOR = YES;
				GCC_WARN_UNINITIALIZED_AUTOS = YES_AGGRESSIVE;
				GCC_WARN_UNUSED_FUNCTION = YES;
				GCC_WARN_UNUSED_VARIABLE = YES;
				IPHONEOS_DEPLOYMENT_TARGET = 14.5;
				MTL_ENABLE_DEBUG_INFO = INCLUDE_SOURCE;
				MTL_FAST_MATH = YES;
				ONLY_ACTIVE_ARCH = YES;
				SDKROOT = iphoneos;
				SWIFT_ACTIVE_COMPILATION_CONDITIONS = DEBUG;
				SWIFT_OPTIMIZATION_LEVEL = "-Onone";
			};
			name = Debug;
		};
		784F8B8625D731B200CFC334 /* Release */ = {
			isa = XCBuildConfiguration;
			buildSettings = {
				ALWAYS_SEARCH_USER_PATHS = NO;
				CLANG_ANALYZER_NONNULL = YES;
				CLANG_ANALYZER_NUMBER_OBJECT_CONVERSION = YES_AGGRESSIVE;
				CLANG_CXX_LANGUAGE_STANDARD = "gnu++14";
				CLANG_CXX_LIBRARY = "libc++";
				CLANG_ENABLE_MODULES = YES;
				CLANG_ENABLE_OBJC_ARC = YES;
				CLANG_ENABLE_OBJC_WEAK = YES;
				CLANG_WARN_BLOCK_CAPTURE_AUTORELEASING = YES;
				CLANG_WARN_BOOL_CONVERSION = YES;
				CLANG_WARN_COMMA = YES;
				CLANG_WARN_CONSTANT_CONVERSION = YES;
				CLANG_WARN_DEPRECATED_OBJC_IMPLEMENTATIONS = YES;
				CLANG_WARN_DIRECT_OBJC_ISA_USAGE = YES_ERROR;
				CLANG_WARN_DOCUMENTATION_COMMENTS = YES;
				CLANG_WARN_EMPTY_BODY = YES;
				CLANG_WARN_ENUM_CONVERSION = YES;
				CLANG_WARN_INFINITE_RECURSION = YES;
				CLANG_WARN_INT_CONVERSION = YES;
				CLANG_WARN_NON_LITERAL_NULL_CONVERSION = YES;
				CLANG_WARN_OBJC_IMPLICIT_RETAIN_SELF = YES;
				CLANG_WARN_OBJC_LITERAL_CONVERSION = YES;
				CLANG_WARN_OBJC_ROOT_CLASS = YES_ERROR;
				CLANG_WARN_QUOTED_INCLUDE_IN_FRAMEWORK_HEADER = YES;
				CLANG_WARN_RANGE_LOOP_ANALYSIS = YES;
				CLANG_WARN_STRICT_PROTOTYPES = YES;
				CLANG_WARN_SUSPICIOUS_MOVE = YES;
				CLANG_WARN_UNGUARDED_AVAILABILITY = YES_AGGRESSIVE;
				CLANG_WARN_UNREACHABLE_CODE = YES;
				CLANG_WARN__DUPLICATE_METHOD_MATCH = YES;
				COPY_PHASE_STRIP = NO;
				DEBUG_INFORMATION_FORMAT = "dwarf-with-dsym";
				ENABLE_NS_ASSERTIONS = NO;
				ENABLE_STRICT_OBJC_MSGSEND = YES;
				GCC_C_LANGUAGE_STANDARD = gnu11;
				GCC_NO_COMMON_BLOCKS = YES;
				GCC_WARN_64_TO_32_BIT_CONVERSION = YES;
				GCC_WARN_ABOUT_RETURN_TYPE = YES_ERROR;
				GCC_WARN_UNDECLARED_SELECTOR = YES;
				GCC_WARN_UNINITIALIZED_AUTOS = YES_AGGRESSIVE;
				GCC_WARN_UNUSED_FUNCTION = YES;
				GCC_WARN_UNUSED_VARIABLE = YES;
				IPHONEOS_DEPLOYMENT_TARGET = 14.5;
				MTL_ENABLE_DEBUG_INFO = NO;
				MTL_FAST_MATH = YES;
				SDKROOT = iphoneos;
				SWIFT_COMPILATION_MODE = wholemodule;
				SWIFT_OPTIMIZATION_LEVEL = "-O";
				VALIDATE_PRODUCT = YES;
			};
			name = Release;
		};
		784F8B8825D731B200CFC334 /* Debug */ = {
			isa = XCBuildConfiguration;
			buildSettings = {
				ASSETCATALOG_COMPILER_APPICON_NAME = AppIcon;
				ASSETCATALOG_COMPILER_GLOBAL_ACCENT_COLOR_NAME = AccentColor;
				CODE_SIGN_STYLE = Automatic;
				DEVELOPMENT_ASSET_PATHS = "\"good-news-app/Preview Content\"";
				DEVELOPMENT_TEAM = 65VEZ757KM;
				ENABLE_PREVIEWS = YES;
				INFOPLIST_FILE = "good-news-app/Info.plist";
				IPHONEOS_DEPLOYMENT_TARGET = 14.0;
				LD_RUNPATH_SEARCH_PATHS = (
					"$(inherited)",
					"@executable_path/Frameworks",
				);
				PRODUCT_BUNDLE_IDENTIFIER = "arpan-dhatt.good-news-app";
				PRODUCT_NAME = "$(TARGET_NAME)";
				SWIFT_VERSION = 5.0;
				TARGETED_DEVICE_FAMILY = "1,2";
			};
			name = Debug;
		};
		784F8B8925D731B200CFC334 /* Release */ = {
			isa = XCBuildConfiguration;
			buildSettings = {
				ASSETCATALOG_COMPILER_APPICON_NAME = AppIcon;
				ASSETCATALOG_COMPILER_GLOBAL_ACCENT_COLOR_NAME = AccentColor;
				CODE_SIGN_STYLE = Automatic;
				DEVELOPMENT_ASSET_PATHS = "\"good-news-app/Preview Content\"";
				DEVELOPMENT_TEAM = 65VEZ757KM;
				ENABLE_PREVIEWS = YES;
				INFOPLIST_FILE = "good-news-app/Info.plist";
				IPHONEOS_DEPLOYMENT_TARGET = 14.0;
				LD_RUNPATH_SEARCH_PATHS = (
					"$(inherited)",
					"@executable_path/Frameworks",
				);
				PRODUCT_BUNDLE_IDENTIFIER = "arpan-dhatt.good-news-app";
				PRODUCT_NAME = "$(TARGET_NAME)";
				SWIFT_VERSION = 5.0;
				TARGETED_DEVICE_FAMILY = "1,2";
			};
			name = Release;
		};
/* End XCBuildConfiguration section */

/* Begin XCConfigurationList section */
		784F8B6E25D731B100CFC334 /* Build configuration list for PBXProject "good-news-app" */ = {
			isa = XCConfigurationList;
			buildConfigurations = (
				784F8B8525D731B200CFC334 /* Debug */,
				784F8B8625D731B200CFC334 /* Release */,
			);
			defaultConfigurationIsVisible = 0;
			defaultConfigurationName = Release;
		};
		784F8B8725D731B200CFC334 /* Build configuration list for PBXNativeTarget "good-news-app" */ = {
			isa = XCConfigurationList;
			buildConfigurations = (
				784F8B8825D731B200CFC334 /* Debug */,
				784F8B8925D731B200CFC334 /* Release */,
			);
			defaultConfigurationIsVisible = 0;
			defaultConfigurationName = Release;
		};
/* End XCConfigurationList section */

/* Begin XCVersionGroup section */
		784F8B8125D731B200CFC334 /* good_news_app.xcdatamodeld */ = {
			isa = XCVersionGroup;
			children = (
				784F8B8225D731B200CFC334 /* good_news_app.xcdatamodel */,
			);
			currentVersion = 784F8B8225D731B200CFC334 /* good_news_app.xcdatamodel */;
			path = good_news_app.xcdatamodeld;
			sourceTree = "<group>";
			versionGroupType = wrapper.xcdatamodel;
		};
/* End XCVersionGroup section */
	};
	rootObject = 784F8B6B25D731B100CFC334 /* Project object */;
}
